
Microsoft Visual Studio Solution File, Format Version 12.00
# Visual Studio 15
VisualStudioVersion = 15.0.28010.2050
MinimumVisualStudioVersion = 10.0.40219.1
Project("{FAE04EC0-301F-11D3-BF4B-00C04F79EFBC}") = "ContactManager", "ContactManager\ContactManager.csproj", "{E2420A8F-00EA-41BA-89F1-8985FD5ED1D4}"
EndProject
Project("{FAE04EC0-301F-11D3-BF4B-00C04F79EFBC}") = "SingleResponsibilityPrinciple", "SingleResponsibilityPrinciple\SingleResponsibilityPrinciple.csproj", "{D1B38EFA-962C-4F99-B958-87D250C20E39}"
EndProject
Project("{2150E333-8FDC-42A3-9474-1A3956D46DE8}") = "SOLID", "SOLID", "{4A601F62-007B-4C8F-ACB8-6F8F17C19F1E}"
EndProject
Project("{2150E333-8FDC-42A3-9474-1A3956D46DE8}") = "DesignPatterns", "DesignPatterns", "{C9FCDCA3-92B6-40DC-8890-B88F8E0AD573}"
EndProject
Project("{9A19103F-16F7-4668-BE54-9A1E7A4F7556}") = "DecoratorPattern", "DecoratorPattern\DecoratorPattern.csproj", "{A0B5F9F1-6673-4875-96F3-D23A2862C275}"
EndProject
Project("{9A19103F-16F7-4668-BE54-9A1E7A4F7556}") = "DependencyInversionPattern", "DependencyInversionPattern\DependencyInversionPattern.csproj", "{E69DC768-CBF7-4762-BA02-F18DF6ECDE31}"
EndProject
Project("{9A19103F-16F7-4668-BE54-9A1E7A4F7556}") = "AbstractFactory", "AbstractFactory\AbstractFactory.csproj", "{8EE34F79-E83C-4C6D-8BC4-467C93CC5547}"
EndProject
Project("{9A19103F-16F7-4668-BE54-9A1E7A4F7556}") = "BuilderPattern", "BuilderPattern\BuilderPattern.csproj", "{D2E18B96-BBCE-478A-8340-6508888925A6}"
EndProject
Project("{2150E333-8FDC-42A3-9474-1A3956D46DE8}") = "Creational", "Creational", "{CD896131-68CB-4E1A-A723-10B3361EE97A}"
EndProject
Project("{FAE04EC0-301F-11D3-BF4B-00C04F79EFBC}") = "SingletonPattern", "SingletonPattern\SingletonPattern.csproj", "{786879A2-C6F2-4C06-AEA6-EB693A7087B9}"
EndProject
Global
	GlobalSection(SolutionConfigurationPlatforms) = preSolution
		Debug|Any CPU = Debug|Any CPU
		Release|Any CPU = Release|Any CPU
	EndGlobalSection
	GlobalSection(ProjectConfigurationPlatforms) = postSolution
		{E2420A8F-00EA-41BA-89F1-8985FD5ED1D4}.Debug|Any CPU.ActiveCfg = Debug|Any CPU
		{E2420A8F-00EA-41BA-89F1-8985FD5ED1D4}.Debug|Any CPU.Build.0 = Debug|Any CPU
		{E2420A8F-00EA-41BA-89F1-8985FD5ED1D4}.Release|Any CPU.ActiveCfg = Release|Any CPU
		{E2420A8F-00EA-41BA-89F1-8985FD5ED1D4}.Release|Any CPU.Build.0 = Release|Any CPU
		{D1B38EFA-962C-4F99-B958-87D250C20E39}.Debug|Any CPU.ActiveCfg = Debug|Any CPU
		{D1B38EFA-962C-4F99-B958-87D250C20E39}.Debug|Any CPU.Build.0 = Debug|Any CPU
		{D1B38EFA-962C-4F99-B958-87D250C20E39}.Release|Any CPU.ActiveCfg = Release|Any CPU
		{D1B38EFA-962C-4F99-B958-87D250C20E39}.Release|Any CPU.Build.0 = Release|Any CPU
		{A0B5F9F1-6673-4875-96F3-D23A2862C275}.Debug|Any CPU.ActiveCfg = Debug|Any CPU
		{A0B5F9F1-6673-4875-96F3-D23A2862C275}.Debug|Any CPU.Build.0 = Debug|Any CPU
		{A0B5F9F1-6673-4875-96F3-D23A2862C275}.Release|Any CPU.ActiveCfg = Release|Any CPU
		{A0B5F9F1-6673-4875-96F3-D23A2862C275}.Release|Any CPU.Build.0 = Release|Any CPU
		{E69DC768-CBF7-4762-BA02-F18DF6ECDE31}.Debug|Any CPU.ActiveCfg = Debug|Any CPU
		{E69DC768-CBF7-4762-BA02-F18DF6ECDE31}.Debug|Any CPU.Build.0 = Debug|Any CPU
		{E69DC768-CBF7-4762-BA02-F18DF6ECDE31}.Release|Any CPU.ActiveCfg = Release|Any CPU
		{E69DC768-CBF7-4762-BA02-F18DF6ECDE31}.Release|Any CPU.Build.0 = Release|Any CPU
		{8EE34F79-E83C-4C6D-8BC4-467C93CC5547}.Debug|Any CPU.ActiveCfg = Debug|Any CPU
		{8EE34F79-E83C-4C6D-8BC4-467C93CC5547}.Debug|Any CPU.Build.0 = Debug|Any CPU
		{8EE34F79-E83C-4C6D-8BC4-467C93CC5547}.Release|Any CPU.ActiveCfg = Release|Any CPU
		{8EE34F79-E83C-4C6D-8BC4-467C93CC5547}.Release|Any CPU.Build.0 = Release|Any CPU
		{D2E18B96-BBCE-478A-8340-6508888925A6}.Debug|Any CPU.ActiveCfg = Debug|Any CPU
		{D2E18B96-BBCE-478A-8340-6508888925A6}.Debug|Any CPU.Build.0 = Debug|Any CPU
		{D2E18B96-BBCE-478A-8340-6508888925A6}.Release|Any CPU.ActiveCfg = Release|Any CPU
		{D2E18B96-BBCE-478A-8340-6508888925A6}.Release|Any CPU.Build.0 = Release|Any CPU
		{786879A2-C6F2-4C06-AEA6-EB693A7087B9}.Debug|Any CPU.ActiveCfg = Debug|Any CPU
		{786879A2-C6F2-4C06-AEA6-EB693A7087B9}.Debug|Any CPU.Build.0 = Debug|Any CPU
		{786879A2-C6F2-4C06-AEA6-EB693A7087B9}.Release|Any CPU.ActiveCfg = Release|Any CPU
		{786879A2-C6F2-4C06-AEA6-EB693A7087B9}.Release|Any CPU.Build.0 = Release|Any CPU
	EndGlobalSection
	GlobalSection(SolutionProperties) = preSolution
		HideSolutionNode = FALSE
	EndGlobalSection
	GlobalSection(NestedProjects) = preSolution
		{E2420A8F-00EA-41BA-89F1-8985FD5ED1D4} = {4A601F62-007B-4C8F-ACB8-6F8F17C19F1E}
		{D1B38EFA-962C-4F99-B958-87D250C20E39} = {4A601F62-007B-4C8F-ACB8-6F8F17C19F1E}
		{A0B5F9F1-6673-4875-96F3-D23A2862C275} = {C9FCDCA3-92B6-40DC-8890-B88F8E0AD573}
		{E69DC768-CBF7-4762-BA02-F18DF6ECDE31} = {4A601F62-007B-4C8F-ACB8-6F8F17C19F1E}
		{8EE34F79-E83C-4C6D-8BC4-467C93CC5547} = {CD896131-68CB-4E1A-A723-10B3361EE97A}
		{D2E18B96-BBCE-478A-8340-6508888925A6} = {CD896131-68CB-4E1A-A723-10B3361EE97A}
		{CD896131-68CB-4E1A-A723-10B3361EE97A} = {C9FCDCA3-92B6-40DC-8890-B88F8E0AD573}
		{786879A2-C6F2-4C06-AEA6-EB693A7087B9} = {CD896131-68CB-4E1A-A723-10B3361EE97A}
	EndGlobalSection
	GlobalSection(ExtensibilityGlobals) = postSolution
		SolutionGuid = {BA91B2D7-1B32-469B-A2EC-4F7F213D669C}
	EndGlobalSection
EndGlobal
